// !$*UTF8*$!
{
	archiveVersion = 1;
	classes = {
	};
	objectVersion = 46;
	objects = {

/* Begin PBXBuildFile section */
		071B545E1F4C9D2800233106 /* MessageCell.swift in Sources */ = {isa = PBXBuildFile; fileRef = 071B545D1F4C9D2800233106 /* MessageCell.swift */; };
		071C5FD11F4AD567009E0ACF /* ProfileVC.swift in Sources */ = {isa = PBXBuildFile; fileRef = 071C5FCF1F4AD567009E0ACF /* ProfileVC.swift */; };
		071C5FD21F4AD567009E0ACF /* ProfileVC.xib in Resources */ = {isa = PBXBuildFile; fileRef = 071C5FD01F4AD567009E0ACF /* ProfileVC.xib */; };
		0725516A1F4D8AEB000ED404 /* DateExtension.swift in Sources */ = {isa = PBXBuildFile; fileRef = 072551691F4D8AEB000ED404 /* DateExtension.swift */; };
		0725518C1F4DBC89000ED404 /* SimpleSound.swift in Sources */ = {isa = PBXBuildFile; fileRef = 0725518B1F4DBC89000ED404 /* SimpleSound.swift */; };
		0725518E1F4DC06B000ED404 /* clockalert.caf in Resources */ = {isa = PBXBuildFile; fileRef = 0725518D1F4DC06B000ED404 /* clockalert.caf */; };
		075D34941F4C798C0020434F /* KeyboardBoundView.swift in Sources */ = {isa = PBXBuildFile; fileRef = 075D34931F4C798C0020434F /* KeyboardBoundView.swift */; };
		0771014A1F4B19410039CB82 /* MessagesService.swift in Sources */ = {isa = PBXBuildFile; fileRef = 077101491F4B19410039CB82 /* MessagesService.swift */; };
		0771014C1F4B198D0039CB82 /* Channel.swift in Sources */ = {isa = PBXBuildFile; fileRef = 0771014B1F4B198D0039CB82 /* Channel.swift */; };
		0771014E1F4B1CD40039CB82 /* ChannelViewCell.swift in Sources */ = {isa = PBXBuildFile; fileRef = 0771014D1F4B1CD40039CB82 /* ChannelViewCell.swift */; };
		077101511F4B25460039CB82 /* CreateChannelVC.swift in Sources */ = {isa = PBXBuildFile; fileRef = 0771014F1F4B25460039CB82 /* CreateChannelVC.swift */; };
		077101521F4B25460039CB82 /* CreateChannelVC.xib in Resources */ = {isa = PBXBuildFile; fileRef = 077101501F4B25460039CB82 /* CreateChannelVC.xib */; };
		077101541F4B37360039CB82 /* SocketService.swift in Sources */ = {isa = PBXBuildFile; fileRef = 077101531F4B37360039CB82 /* SocketService.swift */; };
		077101561F4C5CAB0039CB82 /* Message.swift in Sources */ = {isa = PBXBuildFile; fileRef = 077101551F4C5CAB0039CB82 /* Message.swift */; };
		07C3A20D1F49E75C005F2805 /* AvatarPickerVC.swift in Sources */ = {isa = PBXBuildFile; fileRef = 07C3A20C1F49E75C005F2805 /* AvatarPickerVC.swift */; };
		07C3A20F1F49E7A4005F2805 /* AvatarPickerCell.swift in Sources */ = {isa = PBXBuildFile; fileRef = 07C3A20E1F49E7A4005F2805 /* AvatarPickerCell.swift */; };
		07C3A2111F4A33F1005F2805 /* CircleImage.swift in Sources */ = {isa = PBXBuildFile; fileRef = 07C3A2101F4A33F1005F2805 /* CircleImage.swift */; };
		07CB5B921F473CE2001681E8 /* SWRevealViewController.m in Sources */ = {isa = PBXBuildFile; fileRef = 07CB5B911F473CE2001681E8 /* SWRevealViewController.m */; };
		07CB5B971F474B4C001681E8 /* ChatVC.swift in Sources */ = {isa = PBXBuildFile; fileRef = 07CB5B961F474B4C001681E8 /* ChatVC.swift */; };
		07CB5B991F474B64001681E8 /* ChannelVC.swift in Sources */ = {isa = PBXBuildFile; fileRef = 07CB5B981F474B64001681E8 /* ChannelVC.swift */; };
		07D767C21F47307E00E21A44 /* AppDelegate.swift in Sources */ = {isa = PBXBuildFile; fileRef = 07D767C11F47307E00E21A44 /* AppDelegate.swift */; };
		07D767C71F47307E00E21A44 /* Main.storyboard in Resources */ = {isa = PBXBuildFile; fileRef = 07D767C51F47307E00E21A44 /* Main.storyboard */; };
		07D767C91F47307E00E21A44 /* Assets.xcassets in Resources */ = {isa = PBXBuildFile; fileRef = 07D767C81F47307E00E21A44 /* Assets.xcassets */; };
		07D767CC1F47307E00E21A44 /* LaunchScreen.storyboard in Resources */ = {isa = PBXBuildFile; fileRef = 07D767CA1F47307E00E21A44 /* LaunchScreen.storyboard */; };
		07D96A901F4797D100C690D5 /* GradientView.swift in Sources */ = {isa = PBXBuildFile; fileRef = 07D96A8F1F4797D100C690D5 /* GradientView.swift */; };
		07E8A69F1F48670100D46809 /* Constants.swift in Sources */ = {isa = PBXBuildFile; fileRef = 07E8A69E1F48670100D46809 /* Constants.swift */; };
		07E8A6A11F4869CE00D46809 /* LoginVC.swift in Sources */ = {isa = PBXBuildFile; fileRef = 07E8A6A01F4869CE00D46809 /* LoginVC.swift */; };
		07E8A6A31F48705B00D46809 /* CreateAccountVC.swift in Sources */ = {isa = PBXBuildFile; fileRef = 07E8A6A21F48705B00D46809 /* CreateAccountVC.swift */; };
		07FED93D1F489A3A0063D223 /* AuthServices.swift in Sources */ = {isa = PBXBuildFile; fileRef = 07FED93C1F489A3A0063D223 /* AuthServices.swift */; };
		07FED93F1F48A97E0063D223 /* RoundedButton.swift in Sources */ = {isa = PBXBuildFile; fileRef = 07FED93E1F48A97E0063D223 /* RoundedButton.swift */; };
		07FED9431F48F3950063D223 /* UserDataServices.swift in Sources */ = {isa = PBXBuildFile; fileRef = 07FED9421F48F3950063D223 /* UserDataServices.swift */; };
		EB2E129B42D58E0412D503FA /* Pods_Smack.framework in Frameworks */ = {isa = PBXBuildFile; fileRef = 93980FFC05926D9A261A4345 /* Pods_Smack.framework */; };
/* End PBXBuildFile section */

/* Begin PBXFileReference section */
		071B545D1F4C9D2800233106 /* MessageCell.swift */ = {isa = PBXFileReference; fileEncoding = 4; lastKnownFileType = sourcecode.swift; path = MessageCell.swift; sourceTree = "<group>"; };
		071C5FCF1F4AD567009E0ACF /* ProfileVC.swift */ = {isa = PBXFileReference; fileEncoding = 4; lastKnownFileType = sourcecode.swift; path = ProfileVC.swift; sourceTree = "<group>"; };
		071C5FD01F4AD567009E0ACF /* ProfileVC.xib */ = {isa = PBXFileReference; fileEncoding = 4; lastKnownFileType = file.xib; path = ProfileVC.xib; sourceTree = "<group>"; };
		072551691F4D8AEB000ED404 /* DateExtension.swift */ = {isa = PBXFileReference; fileEncoding = 4; lastKnownFileType = sourcecode.swift; path = DateExtension.swift; sourceTree = "<group>"; };
		0725518B1F4DBC89000ED404 /* SimpleSound.swift */ = {isa = PBXFileReference; fileEncoding = 4; lastKnownFileType = sourcecode.swift; path = SimpleSound.swift; sourceTree = "<group>"; };
		0725518D1F4DC06B000ED404 /* clockalert.caf */ = {isa = PBXFileReference; lastKnownFileType = file; path = clockalert.caf; sourceTree = "<group>"; };
		075D34931F4C798C0020434F /* KeyboardBoundView.swift */ = {isa = PBXFileReference; fileEncoding = 4; lastKnownFileType = sourcecode.swift; path = KeyboardBoundView.swift; sourceTree = "<group>"; };
		077101491F4B19410039CB82 /* MessagesService.swift */ = {isa = PBXFileReference; fileEncoding = 4; lastKnownFileType = sourcecode.swift; path = MessagesService.swift; sourceTree = "<group>"; };
		0771014B1F4B198D0039CB82 /* Channel.swift */ = {isa = PBXFileReference; fileEncoding = 4; lastKnownFileType = sourcecode.swift; path = Channel.swift; sourceTree = "<group>"; };
		0771014D1F4B1CD40039CB82 /* ChannelViewCell.swift */ = {isa = PBXFileReference; fileEncoding = 4; lastKnownFileType = sourcecode.swift; path = ChannelViewCell.swift; sourceTree = "<group>"; };
		0771014F1F4B25460039CB82 /* CreateChannelVC.swift */ = {isa = PBXFileReference; fileEncoding = 4; lastKnownFileType = sourcecode.swift; path = CreateChannelVC.swift; sourceTree = "<group>"; };
		077101501F4B25460039CB82 /* CreateChannelVC.xib */ = {isa = PBXFileReference; fileEncoding = 4; lastKnownFileType = file.xib; path = CreateChannelVC.xib; sourceTree = "<group>"; };
		077101531F4B37360039CB82 /* SocketService.swift */ = {isa = PBXFileReference; fileEncoding = 4; lastKnownFileType = sourcecode.swift; path = SocketService.swift; sourceTree = "<group>"; };
		077101551F4C5CAB0039CB82 /* Message.swift */ = {isa = PBXFileReference; fileEncoding = 4; lastKnownFileType = sourcecode.swift; path = Message.swift; sourceTree = "<group>"; };
		07C3A20C1F49E75C005F2805 /* AvatarPickerVC.swift */ = {isa = PBXFileReference; fileEncoding = 4; lastKnownFileType = sourcecode.swift; path = AvatarPickerVC.swift; sourceTree = "<group>"; };
		07C3A20E1F49E7A4005F2805 /* AvatarPickerCell.swift */ = {isa = PBXFileReference; fileEncoding = 4; lastKnownFileType = sourcecode.swift; path = AvatarPickerCell.swift; sourceTree = "<group>"; };
		07C3A2101F4A33F1005F2805 /* CircleImage.swift */ = {isa = PBXFileReference; fileEncoding = 4; lastKnownFileType = sourcecode.swift; path = CircleImage.swift; sourceTree = "<group>"; };
		07CB5B8F1F473CE2001681E8 /* Smack-Bridging-Header.h */ = {isa = PBXFileReference; lastKnownFileType = sourcecode.c.h; path = "Smack-Bridging-Header.h"; sourceTree = "<group>"; };
		07CB5B901F473CE2001681E8 /* SWRevealViewController.h */ = {isa = PBXFileReference; fileEncoding = 4; lastKnownFileType = sourcecode.c.h; path = SWRevealViewController.h; sourceTree = "<group>"; };
		07CB5B911F473CE2001681E8 /* SWRevealViewController.m */ = {isa = PBXFileReference; fileEncoding = 4; lastKnownFileType = sourcecode.c.objc; path = SWRevealViewController.m; sourceTree = "<group>"; };
		07CB5B961F474B4C001681E8 /* ChatVC.swift */ = {isa = PBXFileReference; fileEncoding = 4; lastKnownFileType = sourcecode.swift; path = ChatVC.swift; sourceTree = "<group>"; };
		07CB5B981F474B64001681E8 /* ChannelVC.swift */ = {isa = PBXFileReference; fileEncoding = 4; lastKnownFileType = sourcecode.swift; path = ChannelVC.swift; sourceTree = "<group>"; };
		07D767BE1F47307E00E21A44 /* Smack.app */ = {isa = PBXFileReference; explicitFileType = wrapper.application; includeInIndex = 0; path = Smack.app; sourceTree = BUILT_PRODUCTS_DIR; };
		07D767C11F47307E00E21A44 /* AppDelegate.swift */ = {isa = PBXFileReference; lastKnownFileType = sourcecode.swift; path = AppDelegate.swift; sourceTree = "<group>"; };
		07D767C61F47307E00E21A44 /* Base */ = {isa = PBXFileReference; lastKnownFileType = file.storyboard; name = Base; path = Base.lproj/Main.storyboard; sourceTree = "<group>"; };
		07D767C81F47307E00E21A44 /* Assets.xcassets */ = {isa = PBXFileReference; lastKnownFileType = folder.assetcatalog; path = Assets.xcassets; sourceTree = "<group>"; };
		07D767CB1F47307E00E21A44 /* Base */ = {isa = PBXFileReference; lastKnownFileType = file.storyboard; name = Base; path = Base.lproj/LaunchScreen.storyboard; sourceTree = "<group>"; };
		07D767CD1F47307E00E21A44 /* Info.plist */ = {isa = PBXFileReference; lastKnownFileType = text.plist.xml; path = Info.plist; sourceTree = "<group>"; };
		07D96A8F1F4797D100C690D5 /* GradientView.swift */ = {isa = PBXFileReference; fileEncoding = 4; lastKnownFileType = sourcecode.swift; path = GradientView.swift; sourceTree = "<group>"; };
		07E8A69E1F48670100D46809 /* Constants.swift */ = {isa = PBXFileReference; fileEncoding = 4; lastKnownFileType = sourcecode.swift; path = Constants.swift; sourceTree = "<group>"; };
		07E8A6A01F4869CE00D46809 /* LoginVC.swift */ = {isa = PBXFileReference; fileEncoding = 4; lastKnownFileType = sourcecode.swift; path = LoginVC.swift; sourceTree = "<group>"; };
		07E8A6A21F48705B00D46809 /* CreateAccountVC.swift */ = {isa = PBXFileReference; fileEncoding = 4; lastKnownFileType = sourcecode.swift; path = CreateAccountVC.swift; sourceTree = "<group>"; };
		07FED93C1F489A3A0063D223 /* AuthServices.swift */ = {isa = PBXFileReference; fileEncoding = 4; lastKnownFileType = sourcecode.swift; path = AuthServices.swift; sourceTree = "<group>"; };
		07FED93E1F48A97E0063D223 /* RoundedButton.swift */ = {isa = PBXFileReference; fileEncoding = 4; lastKnownFileType = sourcecode.swift; path = RoundedButton.swift; sourceTree = "<group>"; };
		07FED9421F48F3950063D223 /* UserDataServices.swift */ = {isa = PBXFileReference; fileEncoding = 4; lastKnownFileType = sourcecode.swift; path = UserDataServices.swift; sourceTree = "<group>"; };
		4CF362DEC8B9DA334045D285 /* Pods-Smack.release.xcconfig */ = {isa = PBXFileReference; includeInIndex = 1; lastKnownFileType = text.xcconfig; name = "Pods-Smack.release.xcconfig"; path = "Pods/Target Support Files/Pods-Smack/Pods-Smack.release.xcconfig"; sourceTree = "<group>"; };
		93980FFC05926D9A261A4345 /* Pods_Smack.framework */ = {isa = PBXFileReference; explicitFileType = wrapper.framework; includeInIndex = 0; path = Pods_Smack.framework; sourceTree = BUILT_PRODUCTS_DIR; };
		A112A37126F7A317AE0D8827 /* Pods-Smack.debug.xcconfig */ = {isa = PBXFileReference; includeInIndex = 1; lastKnownFileType = text.xcconfig; name = "Pods-Smack.debug.xcconfig"; path = "Pods/Target Support Files/Pods-Smack/Pods-Smack.debug.xcconfig"; sourceTree = "<group>"; };
/* End PBXFileReference section */

/* Begin PBXFrameworksBuildPhase section */
		07D767BB1F47307E00E21A44 /* Frameworks */ = {
			isa = PBXFrameworksBuildPhase;
			buildActionMask = 2147483647;
			files = (
				EB2E129B42D58E0412D503FA /* Pods_Smack.framework in Frameworks */,
			);
			runOnlyForDeploymentPostprocessing = 0;
		};
/* End PBXFrameworksBuildPhase section */

/* Begin PBXGroup section */
		071C5FD31F4AD56D009E0ACF /* XIBs */ = {
			isa = PBXGroup;
			children = (
				077101501F4B25460039CB82 /* CreateChannelVC.xib */,
				071C5FD01F4AD567009E0ACF /* ProfileVC.xib */,
			);
			name = XIBs;
			sourceTree = "<group>";
		};
		07CB5B931F474B0C001681E8 /* Controller */ = {
			isa = PBXGroup;
			children = (
				0725518B1F4DBC89000ED404 /* SimpleSound.swift */,
				0725518D1F4DC06B000ED404 /* clockalert.caf */,
				07CB5B961F474B4C001681E8 /* ChatVC.swift */,
				07CB5B981F474B64001681E8 /* ChannelVC.swift */,
				07E8A6A01F4869CE00D46809 /* LoginVC.swift */,
				07E8A6A21F48705B00D46809 /* CreateAccountVC.swift */,
				07C3A20C1F49E75C005F2805 /* AvatarPickerVC.swift */,
				071C5FCF1F4AD567009E0ACF /* ProfileVC.swift */,
				0771014F1F4B25460039CB82 /* CreateChannelVC.swift */,
			);
			name = Controller;
			sourceTree = "<group>";
		};
		07CB5B941F474B16001681E8 /* View */ = {
			isa = PBXGroup;
			children = (
				07D96A8F1F4797D100C690D5 /* GradientView.swift */,
				07FED93E1F48A97E0063D223 /* RoundedButton.swift */,
				07C3A20E1F49E7A4005F2805 /* AvatarPickerCell.swift */,
				07C3A2101F4A33F1005F2805 /* CircleImage.swift */,
				0771014D1F4B1CD40039CB82 /* ChannelViewCell.swift */,
				075D34931F4C798C0020434F /* KeyboardBoundView.swift */,
				071B545D1F4C9D2800233106 /* MessageCell.swift */,
				072551691F4D8AEB000ED404 /* DateExtension.swift */,
			);
			name = View;
			sourceTree = "<group>";
		};
		07CB5B951F474B1A001681E8 /* Model */ = {
			isa = PBXGroup;
			children = (
				0771014B1F4B198D0039CB82 /* Channel.swift */,
				077101551F4C5CAB0039CB82 /* Message.swift */,
			);
			name = Model;
			sourceTree = "<group>";
		};
		07D767B51F47307D00E21A44 = {
			isa = PBXGroup;
			children = (
				07D767C01F47307E00E21A44 /* Smack */,
				07D767BF1F47307E00E21A44 /* Products */,
				AEFCD782EB53E37DD58C4D5E /* Pods */,
				E73D531BAA5A394B31A75E60 /* Frameworks */,
			);
			sourceTree = "<group>";
		};
		07D767BF1F47307E00E21A44 /* Products */ = {
			isa = PBXGroup;
			children = (
				07D767BE1F47307E00E21A44 /* Smack.app */,
			);
			name = Products;
			sourceTree = "<group>";
		};
		07D767C01F47307E00E21A44 /* Smack */ = {
			isa = PBXGroup;
			children = (
				071C5FD31F4AD56D009E0ACF /* XIBs */,
				07FED93B1F489A2B0063D223 /* Services */,
				07E8A69D1F4866E800D46809 /* Constants */,
				07CB5B951F474B1A001681E8 /* Model */,
				07CB5B941F474B16001681E8 /* View */,
				07CB5B931F474B0C001681E8 /* Controller */,
				07D767D31F47309500E21A44 /* Supporting Files */,
				07D767C51F47307E00E21A44 /* Main.storyboard */,
			);
			path = Smack;
			sourceTree = "<group>";
		};
		07D767D31F47309500E21A44 /* Supporting Files */ = {
			isa = PBXGroup;
			children = (
				07D767C11F47307E00E21A44 /* AppDelegate.swift */,
				07D767C81F47307E00E21A44 /* Assets.xcassets */,
				07D767CA1F47307E00E21A44 /* LaunchScreen.storyboard */,
				07CB5B901F473CE2001681E8 /* SWRevealViewController.h */,
				07CB5B911F473CE2001681E8 /* SWRevealViewController.m */,
				07D767CD1F47307E00E21A44 /* Info.plist */,
				07CB5B8F1F473CE2001681E8 /* Smack-Bridging-Header.h */,
			);
			name = "Supporting Files";
			sourceTree = "<group>";
		};
		07E8A69D1F4866E800D46809 /* Constants */ = {
			isa = PBXGroup;
			children = (
				07E8A69E1F48670100D46809 /* Constants.swift */,
			);
			name = Constants;
			sourceTree = "<group>";
		};
		07FED93B1F489A2B0063D223 /* Services */ = {
			isa = PBXGroup;
			children = (
				07FED93C1F489A3A0063D223 /* AuthServices.swift */,
				07FED9421F48F3950063D223 /* UserDataServices.swift */,
				077101491F4B19410039CB82 /* MessagesService.swift */,
				077101531F4B37360039CB82 /* SocketService.swift */,
			);
			name = Services;
			sourceTree = "<group>";
		};
		AEFCD782EB53E37DD58C4D5E /* Pods */ = {
			isa = PBXGroup;
			children = (
				A112A37126F7A317AE0D8827 /* Pods-Smack.debug.xcconfig */,
				4CF362DEC8B9DA334045D285 /* Pods-Smack.release.xcconfig */,
			);
			name = Pods;
			sourceTree = "<group>";
		};
		E73D531BAA5A394B31A75E60 /* Frameworks */ = {
			isa = PBXGroup;
			children = (
				93980FFC05926D9A261A4345 /* Pods_Smack.framework */,
			);
			name = Frameworks;
			sourceTree = "<group>";
		};
/* End PBXGroup section */

/* Begin PBXNativeTarget section */
		07D767BD1F47307E00E21A44 /* Smack */ = {
			isa = PBXNativeTarget;
			buildConfigurationList = 07D767D01F47307E00E21A44 /* Build configuration list for PBXNativeTarget "Smack" */;
			buildPhases = (
				98FA853A6B61599DF717A1C6 /* [CP] Check Pods Manifest.lock */,
				07D767BA1F47307E00E21A44 /* Sources */,
				07D767BB1F47307E00E21A44 /* Frameworks */,
				07D767BC1F47307E00E21A44 /* Resources */,
				91744EB2DCB8CAB2D0BA4261 /* [CP] Embed Pods Frameworks */,
				B7665CC496E5E4C49098F0E0 /* [CP] Copy Pods Resources */,
			);
			buildRules = (
			);
			dependencies = (
			);
			name = Smack;
			productName = Smack;
			productReference = 07D767BE1F47307E00E21A44 /* Smack.app */;
			productType = "com.apple.product-type.application";
		};
/* End PBXNativeTarget section */

/* Begin PBXProject section */
		07D767B61F47307D00E21A44 /* Project object */ = {
			isa = PBXProject;
			attributes = {
				LastSwiftUpdateCheck = 0830;
				LastUpgradeCheck = 0830;
				ORGANIZATIONNAME = MurathanBagdat;
				TargetAttributes = {
					07D767BD1F47307E00E21A44 = {
						CreatedOnToolsVersion = 8.3.3;
						DevelopmentTeam = 5HYX5VYSUR;
						LastSwiftMigration = 0830;
						ProvisioningStyle = Automatic;
					};
				};
			};
			buildConfigurationList = 07D767B91F47307D00E21A44 /* Build configuration list for PBXProject "Smack" */;
			compatibilityVersion = "Xcode 3.2";
			developmentRegion = English;
			hasScannedForEncodings = 0;
			knownRegions = (
				en,
				Base,
			);
			mainGroup = 07D767B51F47307D00E21A44;
			productRefGroup = 07D767BF1F47307E00E21A44 /* Products */;
			projectDirPath = "";
			projectRoot = "";
			targets = (
				07D767BD1F47307E00E21A44 /* Smack */,
			);
		};
/* End PBXProject section */

/* Begin PBXResourcesBuildPhase section */
		07D767BC1F47307E00E21A44 /* Resources */ = {
			isa = PBXResourcesBuildPhase;
			buildActionMask = 2147483647;
			files = (
				0725518E1F4DC06B000ED404 /* clockalert.caf in Resources */,
				071C5FD21F4AD567009E0ACF /* ProfileVC.xib in Resources */,
				07D767CC1F47307E00E21A44 /* LaunchScreen.storyboard in Resources */,
				077101521F4B25460039CB82 /* CreateChannelVC.xib in Resources */,
				07D767C91F47307E00E21A44 /* Assets.xcassets in Resources */,
				07D767C71F47307E00E21A44 /* Main.storyboard in Resources */,
			);
			runOnlyForDeploymentPostprocessing = 0;
		};
/* End PBXResourcesBuildPhase section */

/* Begin PBXShellScriptBuildPhase section */
		91744EB2DCB8CAB2D0BA4261 /* [CP] Embed Pods Frameworks */ = {
			isa = PBXShellScriptBuildPhase;
			buildActionMask = 2147483647;
			files = (
			);
			inputPaths = (
				"${SRCROOT}/Pods/Target Support Files/Pods-Smack/Pods-Smack-frameworks.sh",
				"${BUILT_PRODUCTS_DIR}/Alamofire/Alamofire.framework",
				"${BUILT_PRODUCTS_DIR}/Socket.IO-Client-Swift/SocketIO.framework",
				"${BUILT_PRODUCTS_DIR}/StarscreamSocketIO/StarscreamSocketIO.framework",
				"${BUILT_PRODUCTS_DIR}/SwiftyJSON/SwiftyJSON.framework",
			);
			name = "[CP] Embed Pods Frameworks";
			outputPaths = (
				"${TARGET_BUILD_DIR}/${FRAMEWORKS_FOLDER_PATH}/Alamofire.framework",
				"${TARGET_BUILD_DIR}/${FRAMEWORKS_FOLDER_PATH}/SocketIO.framework",
				"${TARGET_BUILD_DIR}/${FRAMEWORKS_FOLDER_PATH}/StarscreamSocketIO.framework",
				"${TARGET_BUILD_DIR}/${FRAMEWORKS_FOLDER_PATH}/SwiftyJSON.framework",
			);
			runOnlyForDeploymentPostprocessing = 0;
			shellPath = /bin/sh;
			shellScript = "\"${SRCROOT}/Pods/Target Support Files/Pods-Smack/Pods-Smack-frameworks.sh\"\n";
			showEnvVarsInLog = 0;
		};
		98FA853A6B61599DF717A1C6 /* [CP] Check Pods Manifest.lock */ = {
			isa = PBXShellScriptBuildPhase;
			buildActionMask = 2147483647;
			files = (
			);
			inputPaths = (
				"${PODS_PODFILE_DIR_PATH}/Podfile.lock",
				"${PODS_ROOT}/Manifest.lock",
			);
			name = "[CP] Check Pods Manifest.lock";
			outputPaths = (
				"$(DERIVED_FILE_DIR)/Pods-Smack-checkManifestLockResult.txt",
			);
			runOnlyForDeploymentPostprocessing = 0;
			shellPath = /bin/sh;
			shellScript = "diff \"${PODS_PODFILE_DIR_PATH}/Podfile.lock\" \"${PODS_ROOT}/Manifest.lock\" > /dev/null\nif [ $? != 0 ] ; then\n    # print error to STDERR\n    echo \"error: The sandbox is not in sync with the Podfile.lock. Run 'pod install' or update your CocoaPods installation.\" >&2\n    exit 1\nfi\n# This output is used by Xcode 'outputs' to avoid re-running this script phase.\necho \"SUCCESS\" > \"${SCRIPT_OUTPUT_FILE_0}\"\n";
			showEnvVarsInLog = 0;
		};
		B7665CC496E5E4C49098F0E0 /* [CP] Copy Pods Resources */ = {
			isa = PBXShellScriptBuildPhase;
			buildActionMask = 2147483647;
			files = (
			);
			inputPaths = (
			);
			name = "[CP] Copy Pods Resources";
			outputPaths = (
			);
			runOnlyForDeploymentPostprocessing = 0;
			shellPath = /bin/sh;
			shellScript = "\"${SRCROOT}/Pods/Target Support Files/Pods-Smack/Pods-Smack-resources.sh\"\n";
			showEnvVarsInLog = 0;
		};
/* End PBXShellScriptBuildPhase section */

/* Begin PBXSourcesBuildPhase section */
		07D767BA1F47307E00E21A44 /* Sources */ = {
			isa = PBXSourcesBuildPhase;
			buildActionMask = 2147483647;
			files = (
				075D34941F4C798C0020434F /* KeyboardBoundView.swift in Sources */,
				0725516A1F4D8AEB000ED404 /* DateExtension.swift in Sources */,
				077101541F4B37360039CB82 /* SocketService.swift in Sources */,
				071C5FD11F4AD567009E0ACF /* ProfileVC.swift in Sources */,
				07CB5B971F474B4C001681E8 /* ChatVC.swift in Sources */,
				0725518C1F4DBC89000ED404 /* SimpleSound.swift in Sources */,
				07C3A20D1F49E75C005F2805 /* AvatarPickerVC.swift in Sources */,
				07FED93F1F48A97E0063D223 /* RoundedButton.swift in Sources */,
				071B545E1F4C9D2800233106 /* MessageCell.swift in Sources */,
				0771014C1F4B198D0039CB82 /* Channel.swift in Sources */,
				077101561F4C5CAB0039CB82 /* Message.swift in Sources */,
				07C3A2111F4A33F1005F2805 /* CircleImage.swift in Sources */,
				07D767C21F47307E00E21A44 /* AppDelegate.swift in Sources */,
				07E8A6A31F48705B00D46809 /* CreateAccountVC.swift in Sources */,
				07E8A6A11F4869CE00D46809 /* LoginVC.swift in Sources */,
				077101511F4B25460039CB82 /* CreateChannelVC.swift in Sources */,
				07D96A901F4797D100C690D5 /* GradientView.swift in Sources */,
				0771014E1F4B1CD40039CB82 /* ChannelViewCell.swift in Sources */,
				0771014A1F4B19410039CB82 /* MessagesService.swift in Sources */,
				07C3A20F1F49E7A4005F2805 /* AvatarPickerCell.swift in Sources */,
				07FED9431F48F3950063D223 /* UserDataServices.swift in Sources */,
				07CB5B921F473CE2001681E8 /* SWRevealViewController.m in Sources */,
				07FED93D1F489A3A0063D223 /* AuthServices.swift in Sources */,
				07CB5B991F474B64001681E8 /* ChannelVC.swift in Sources */,
				07E8A69F1F48670100D46809 /* Constants.swift in Sources */,
			);
			runOnlyForDeploymentPostprocessing = 0;
		};
/* End PBXSourcesBuildPhase section */

/* Begin PBXVariantGroup section */
		07D767C51F47307E00E21A44 /* Main.storyboard */ = {
			isa = PBXVariantGroup;
			children = (
				07D767C61F47307E00E21A44 /* Base */,
			);
			name = Main.storyboard;
			sourceTree = "<group>";
		};
		07D767CA1F47307E00E21A44 /* LaunchScreen.storyboard */ = {
			isa = PBXVariantGroup;
			children = (
				07D767CB1F47307E00E21A44 /* Base */,
			);
			name = LaunchScreen.storyboard;
			sourceTree = "<group>";
		};
/* End PBXVariantGroup section */

/* Begin XCBuildConfiguration section */
		07D767CE1F47307E00E21A44 /* Debug */ = {
			isa = XCBuildConfiguration;
			buildSettings = {
				ALWAYS_SEARCH_USER_PATHS = NO;
				CLANG_ANALYZER_NONNULL = YES;
				CLANG_ANALYZER_NUMBER_OBJECT_CONVERSION = YES_AGGRESSIVE;
				CLANG_CXX_LANGUAGE_STANDARD = "gnu++0x";
				CLANG_CXX_LIBRARY = "libc++";
				CLANG_ENABLE_MODULES = YES;
				CLANG_ENABLE_OBJC_ARC = YES;
				CLANG_WARN_BOOL_CONVERSION = YES;
				CLANG_WARN_CONSTANT_CONVERSION = YES;
				CLANG_WARN_DIRECT_OBJC_ISA_USAGE = YES_ERROR;
				CLANG_WARN_DOCUMENTATION_COMMENTS = YES;
				CLANG_WARN_EMPTY_BODY = YES;
				CLANG_WARN_ENUM_CONVERSION = YES;
				CLANG_WARN_INFINITE_RECURSION = YES;
				CLANG_WARN_INT_CONVERSION = YES;
				CLANG_WARN_OBJC_ROOT_CLASS = YES_ERROR;
				CLANG_WARN_SUSPICIOUS_MOVE = YES;
				CLANG_WARN_UNREACHABLE_CODE = YES;
				CLANG_WARN__DUPLICATE_METHOD_MATCH = YES;
				"CODE_SIGN_IDENTITY[sdk=iphoneos*]" = "iPhone Developer";
				COPY_PHASE_STRIP = NO;
				DEBUG_INFORMATION_FORMAT = dwarf;
				ENABLE_STRICT_OBJC_MSGSEND = YES;
				ENABLE_TESTABILITY = YES;
				GCC_C_LANGUAGE_STANDARD = gnu99;
				GCC_DYNAMIC_NO_PIC = NO;
				GCC_NO_COMMON_BLOCKS = YES;
				GCC_OPTIMIZATION_LEVEL = 0;
				GCC_PREPROCESSOR_DEFINITIONS = (
					"DEBUG=1",
					"$(inherited)",
				);
				GCC_WARN_64_TO_32_BIT_CONVERSION = YES;
				GCC_WARN_ABOUT_RETURN_TYPE = YES_ERROR;
				GCC_WARN_UNDECLARED_SELECTOR = YES;
				GCC_WARN_UNINITIALIZED_AUTOS = YES_AGGRESSIVE;
				GCC_WARN_UNUSED_FUNCTION = YES;
				GCC_WARN_UNUSED_VARIABLE = YES;
				IPHONEOS_DEPLOYMENT_TARGET = 10.3;
				MTL_ENABLE_DEBUG_INFO = YES;
				ONLY_ACTIVE_ARCH = YES;
				SDKROOT = iphoneos;
				SWIFT_ACTIVE_COMPILATION_CONDITIONS = DEBUG;
				SWIFT_OPTIMIZATION_LEVEL = "-Onone";
				TARGETED_DEVICE_FAMILY = "1,2";
			};
			name = Debug;
		};
		07D767CF1F47307E00E21A44 /* Release */ = {
			isa = XCBuildConfiguration;
			buildSettings = {
				ALWAYS_SEARCH_USER_PATHS = NO;
				CLANG_ANALYZER_NONNULL = YES;
				CLANG_ANALYZER_NUMBER_OBJECT_CONVERSION = YES_AGGRESSIVE;
				CLANG_CXX_LANGUAGE_STANDARD = "gnu++0x";
				CLANG_CXX_LIBRARY = "libc++";
				CLANG_ENABLE_MODULES = YES;
				CLANG_ENABLE_OBJC_ARC = YES;
				CLANG_WARN_BOOL_CONVERSION = YES;
				CLANG_WARN_CONSTANT_CONVERSION = YES;
				CLANG_WARN_DIRECT_OBJC_ISA_USAGE = YES_ERROR;
				CLANG_WARN_DOCUMENTATION_COMMENTS = YES;
				CLANG_WARN_EMPTY_BODY = YES;
				CLANG_WARN_ENUM_CONVERSION = YES;
				CLANG_WARN_INFINITE_RECURSION = YES;
				CLANG_WARN_INT_CONVERSION = YES;
				CLANG_WARN_OBJC_ROOT_CLASS = YES_ERROR;
				CLANG_WARN_SUSPICIOUS_MOVE = YES;
				CLANG_WARN_UNREACHABLE_CODE = YES;
				CLANG_WARN__DUPLICATE_METHOD_MATCH = YES;
				"CODE_SIGN_IDENTITY[sdk=iphoneos*]" = "iPhone Developer";
				COPY_PHASE_STRIP = NO;
				DEBUG_INFORMATION_FORMAT = "dwarf-with-dsym";
				ENABLE_NS_ASSERTIONS = NO;
				ENABLE_STRICT_OBJC_MSGSEND = YES;
				GCC_C_LANGUAGE_STANDARD = gnu99;
				GCC_NO_COMMON_BLOCKS = YES;
				GCC_WARN_64_TO_32_BIT_CONVERSION = YES;
				GCC_WARN_ABOUT_RETURN_TYPE = YES_ERROR;
				GCC_WARN_UNDECLARED_SELECTOR = YES;
				GCC_WARN_UNINITIALIZED_AUTOS = YES_AGGRESSIVE;
				GCC_WARN_UNUSED_FUNCTION = YES;
				GCC_WARN_UNUSED_VARIABLE = YES;
				IPHONEOS_DEPLOYMENT_TARGET = 10.3;
				MTL_ENABLE_DEBUG_INFO = NO;
				SDKROOT = iphoneos;
				SWIFT_OPTIMIZATION_LEVEL = "-Owholemodule";
				TARGETED_DEVICE_FAMILY = "1,2";
				VALIDATE_PRODUCT = YES;
			};
			name = Release;
		};
		07D767D11F47307E00E21A44 /* Debug */ = {
			isa = XCBuildConfiguration;
			baseConfigurationReference = A112A37126F7A317AE0D8827 /* Pods-Smack.debug.xcconfig */;
			buildSettings = {
				ASSETCATALOG_COMPILER_APPICON_NAME = AppIcon;
				CLANG_ENABLE_MODULES = YES;
				DEVELOPMENT_TEAM = 5HYX5VYSUR;
				INFOPLIST_FILE = Smack/Info.plist;
				IPHONEOS_DEPLOYMENT_TARGET = 10.3;
				LD_RUNPATH_SEARCH_PATHS = "$(inherited) @executable_path/Frameworks";
				PRODUCT_BUNDLE_IDENTIFIER = com.bagdatmurathan.Smack;
				PRODUCT_NAME = "$(TARGET_NAME)";
				SWIFT_OBJC_BRIDGING_HEADER = "Smack/Smack-Bridging-Header.h";
				SWIFT_OPTIMIZATION_LEVEL = "-Onone";
				SWIFT_VERSION = 3.0;
			};
			name = Debug;
		};
		07D767D21F47307E00E21A44 /* Release */ = {
			isa = XCBuildConfiguration;
			baseConfigurationReference = 4CF362DEC8B9DA334045D285 /* Pods-Smack.release.xcconfig */;
			buildSettings = {
				ASSETCATALOG_COMPILER_APPICON_NAME = AppIcon;
				CLANG_ENABLE_MODULES = YES;
				DEVELOPMENT_TEAM = 5HYX5VYSUR;
				INFOPLIST_FILE = Smack/Info.plist;
				IPHONEOS_DEPLOYMENT_TARGET = 10.3;
				LD_RUNPATH_SEARCH_PATHS = "$(inherited) @executable_path/Frameworks";
				PRODUCT_BUNDLE_IDENTIFIER = com.bagdatmurathan.Smack;
				PRODUCT_NAME = "$(TARGET_NAME)";
				SWIFT_OBJC_BRIDGING_HEADER = "Smack/Smack-Bridging-Header.h";
				SWIFT_VERSION = 3.0;
			};
			name = Release;
		};
/* End XCBuildConfiguration section */

/* Begin XCConfigurationList section */
		07D767B91F47307D00E21A44 /* Build configuration list for PBXProject "Smack" */ = {
			isa = XCConfigurationList;
			buildConfigurations = (
				07D767CE1F47307E00E21A44 /* Debug */,
				07D767CF1F47307E00E21A44 /* Release */,
			);
			defaultConfigurationIsVisible = 0;
			defaultConfigurationName = Release;
		};
		07D767D01F47307E00E21A44 /* Build configuration list for PBXNativeTarget "Smack" */ = {
			isa = XCConfigurationList;
			buildConfigurations = (
				07D767D11F47307E00E21A44 /* Debug */,
				07D767D21F47307E00E21A44 /* Release */,
			);
			defaultConfigurationIsVisible = 0;
			defaultConfigurationName = Release;
		};
/* End XCConfigurationList section */
	};
	rootObject = 07D767B61F47307D00E21A44 /* Project object */;
}
